
Microsoft Visual Studio Solution File, Format Version 11.00
# Visual Studio 2010
Project("{FAE04EC0-301F-11D3-BF4B-00C04F79EFBC}") = "DataGridFilterTest", "DataGridFilterTest\DataGridFilterTest.csproj", "{BA4417D8-3C70-4016-BFCC-56CFDC3A58F9}"
EndProject
Project("{FAE04EC0-301F-11D3-BF4B-00C04F79EFBC}") = "DataGridFilterLibrary", "DataGridFilterLibrary\DataGridFilterLibrary.csproj", "{512FD53F-9AD1-46A1-A961-9FABDFAD50C5}"
EndProject
Global
	GlobalSection(SolutionConfigurationPlatforms) = preSolution
		Debug|Any CPU = Debug|Any CPU
		Release with Code Analysis|Any CPU = Release with Code Analysis|Any CPU
		Release|Any CPU = Release|Any CPU
	EndGlobalSection
	GlobalSection(ProjectConfigurationPlatforms) = postSolution
		{BA4417D8-3C70-4016-BFCC-56CFDC3A58F9}.Debug|Any CPU.ActiveCfg = Debug|Any CPU
		{BA4417D8-3C70-4016-BFCC-56CFDC3A58F9}.Debug|Any CPU.Build.0 = Debug|Any CPU
		{BA4417D8-3C70-4016-BFCC-56CFDC3A58F9}.Release with Code Analysis|Any CPU.ActiveCfg = Release|Any CPU
		{BA4417D8-3C70-4016-BFCC-56CFDC3A58F9}.Release with Code Analysis|Any CPU.Build.0 = Release|Any CPU
		{BA4417D8-3C70-4016-BFCC-56CFDC3A58F9}.Release|Any CPU.ActiveCfg = Release|Any CPU
		{BA4417D8-3C70-4016-BFCC-56CFDC3A58F9}.Release|Any CPU.Build.0 = Release|Any CPU
		{512FD53F-9AD1-46A1-A961-9FABDFAD50C5}.Debug|Any CPU.ActiveCfg = Debug|Any CPU
		{512FD53F-9AD1-46A1-A961-9FABDFAD50C5}.Debug|Any CPU.Build.0 = Debug|Any CPU
		{512FD53F-9AD1-46A1-A961-9FABDFAD50C5}.Release with Code Analysis|Any CPU.ActiveCfg = Release|Any CPU
		{512FD53F-9AD1-46A1-A961-9FABDFAD50C5}.Release with Code Analysis|Any CPU.Build.0 = Release|Any CPU
		{512FD53F-9AD1-46A1-A961-9FABDFAD50C5}.Release|Any CPU.ActiveCfg = Release|Any CPU
		{512FD53F-9AD1-46A1-A961-9FABDFAD50C5}.Release|Any CPU.Build.0 = Release|Any CPU
	EndGlobalSection
	GlobalSection(SolutionProperties) = preSolution
		HideSolutionNode = FALSE
	EndGlobalSection
EndGlobal
