
Microsoft Visual Studio Solution File, Format Version 12.00
# Visual Studio Version 16
VisualStudioVersion = 16.0.30114.105
MinimumVisualStudioVersion = 10.0.40219.1
Project("{FAE04EC0-301F-11D3-BF4B-00C04F79EFBC}") = "DataGridFilterTest", "DataGridFilterTest\DataGridFilterTest.NET4.csproj", "{260FA761-C752-4425-9CF4-8EA536136758}"
EndProject
Project("{FAE04EC0-301F-11D3-BF4B-00C04F79EFBC}") = "DataGridFilterLibrary", "DataGridFilterLibrary\DataGridFilterLibrary.NET4.csproj", "{457AE965-194F-4264-AC3D-8BF03EEA3F88}"
EndProject
Global
	GlobalSection(SolutionConfigurationPlatforms) = preSolution
		Debug|Any CPU = Debug|Any CPU
		Release|Any CPU = Release|Any CPU
	EndGlobalSection
	GlobalSection(SolutionProperties) = preSolution
		HideSolutionNode = FALSE
	EndGlobalSection
	GlobalSection(ProjectConfigurationPlatforms) = postSolution
		{260FA761-C752-4425-9CF4-8EA536136758}.Debug|Any CPU.ActiveCfg = Debug|Any CPU
		{260FA761-C752-4425-9CF4-8EA536136758}.Debug|Any CPU.Build.0 = Debug|Any CPU
		{260FA761-C752-4425-9CF4-8EA536136758}.Release|Any CPU.ActiveCfg = Release|Any CPU
		{260FA761-C752-4425-9CF4-8EA536136758}.Release|Any CPU.Build.0 = Release|Any CPU
		{457AE965-194F-4264-AC3D-8BF03EEA3F88}.Debug|Any CPU.ActiveCfg = Debug|Any CPU
		{457AE965-194F-4264-AC3D-8BF03EEA3F88}.Debug|Any CPU.Build.0 = Debug|Any CPU
		{457AE965-194F-4264-AC3D-8BF03EEA3F88}.Release|Any CPU.ActiveCfg = Release|Any CPU
		{457AE965-194F-4264-AC3D-8BF03EEA3F88}.Release|Any CPU.Build.0 = Release|Any CPU
	EndGlobalSection
EndGlobal
